
Microsoft Visual Studio Solution File, Format Version 12.00
# Visual Studio Version 17
VisualStudioVersion = 17.13.35828.75 d17.13
MinimumVisualStudioVersion = 10.0.40219.1
Project("{FAE04EC0-301F-11D3-BF4B-00C04F79EFBC}") = "EyeShield2", "EyeShield2\EyeShield2.csproj", "{93666F41-602C-4754-9D1E-B07DE796F244}"
EndProject
Global
	GlobalSection(SolutionConfigurationPlatforms) = preSolution
		Debug|Any CPU = Debug|Any CPU
		Release|Any CPU = Release|Any CPU
	EndGlobalSection
	GlobalSection(ProjectConfigurationPlatforms) = postSolution
		{93666F41-602C-4754-9D1E-B07DE796F244}.Debug|Any CPU.ActiveCfg = Debug|Any CPU
		{93666F41-602C-4754-9D1E-B07DE796F244}.Debug|Any CPU.Build.0 = Debug|Any CPU
		{93666F41-602C-4754-9D1E-B07DE796F244}.Release|Any CPU.ActiveCfg = Release|Any CPU
		{93666F41-602C-4754-9D1E-B07DE796F244}.Release|Any CPU.Build.0 = Release|Any CPU
	EndGlobalSection
	GlobalSection(SolutionProperties) = preSolution
		HideSolutionNode = FALSE
	EndGlobalSection
	GlobalSection(ExtensibilityGlobals) = postSolution
		SolutionGuid = {0D4205BB-9100-4BE0-A4AB-28DA1FD275DB}
	EndGlobalSection
EndGlobal
